
Microsoft Visual Studio Solution File, Format Version 12.00
# Visual Studio Version 17
VisualStudioVersion = 17.14.36301.6 d17.14
MinimumVisualStudioVersion = 10.0.40219.1
Project("{FAE04EC0-301F-11D3-BF4B-00C04F79EFBC}") = "Tavugras_FanniNikol", "Tavugras_FanniNikol.csproj", "{57BA62B8-A555-483F-8155-63613E47E27C}"
EndProject
Global
	GlobalSection(SolutionConfigurationPlatforms) = preSolution
		Debug|Any CPU = Debug|Any CPU
		Release|Any CPU = Release|Any CPU
	EndGlobalSection
	GlobalSection(ProjectConfigurationPlatforms) = postSolution
		{57BA62B8-A555-483F-8155-63613E47E27C}.Debug|Any CPU.ActiveCfg = Debug|Any CPU
		{57BA62B8-A555-483F-8155-63613E47E27C}.Debug|Any CPU.Build.0 = Debug|Any CPU
		{57BA62B8-A555-483F-8155-63613E47E27C}.Release|Any CPU.ActiveCfg = Release|Any CPU
		{57BA62B8-A555-483F-8155-63613E47E27C}.Release|Any CPU.Build.0 = Release|Any CPU
	EndGlobalSection
	GlobalSection(SolutionProperties) = preSolution
		HideSolutionNode = FALSE
	EndGlobalSection
	GlobalSection(ExtensibilityGlobals) = postSolution
		SolutionGuid = {12AB7A7B-1169-45CD-A9A0-398808C703AB}
	EndGlobalSection
EndGlobal
